
Microsoft Visual Studio Solution File, Format Version 12.00
# Visual Studio Version 16
VisualStudioVersion = 16.0.29709.97
MinimumVisualStudioVersion = 10.0.40219.1
Project("{FAE04EC0-301F-11D3-BF4B-00C04F79EFBC}") = "classassignment4.1", "classassignment4.1\classassignment4.1.csproj", "{862974EE-D9B0-4C39-BDA9-FF0F1EA18927}"
EndProject
Global
	GlobalSection(SolutionConfigurationPlatforms) = preSolution
		Debug|Any CPU = Debug|Any CPU
		Release|Any CPU = Release|Any CPU
	EndGlobalSection
	GlobalSection(ProjectConfigurationPlatforms) = postSolution
		{862974EE-D9B0-4C39-BDA9-FF0F1EA18927}.Debug|Any CPU.ActiveCfg = Debug|Any CPU
		{862974EE-D9B0-4C39-BDA9-FF0F1EA18927}.Debug|Any CPU.Build.0 = Debug|Any CPU
		{862974EE-D9B0-4C39-BDA9-FF0F1EA18927}.Release|Any CPU.ActiveCfg = Release|Any CPU
		{862974EE-D9B0-4C39-BDA9-FF0F1EA18927}.Release|Any CPU.Build.0 = Release|Any CPU
	EndGlobalSection
	GlobalSection(SolutionProperties) = preSolution
		HideSolutionNode = FALSE
	EndGlobalSection
	GlobalSection(ExtensibilityGlobals) = postSolution
		SolutionGuid = {E28E9159-C990-4875-928A-78B1956595A5}
	EndGlobalSection
EndGlobal
